
Microsoft Visual Studio Solution File, Format Version 12.00
# Visual Studio Version 16
VisualStudioVersion = 16.0.31515.178
MinimumVisualStudioVersion = 10.0.40219.1
Project("{FAE04EC0-301F-11D3-BF4B-00C04F79EFBC}") = "WebAPI", "WebAPI\WebAPI.csproj", "{BB0216A2-BC98-423B-AE6C-133B4FADE86A}"
EndProject
Global
	GlobalSection(SolutionConfigurationPlatforms) = preSolution
		Debug|Any CPU = Debug|Any CPU
		Release|Any CPU = Release|Any CPU
	EndGlobalSection
	GlobalSection(ProjectConfigurationPlatforms) = postSolution
		{BB0216A2-BC98-423B-AE6C-133B4FADE86A}.Debug|Any CPU.ActiveCfg = Debug|Any CPU
		{BB0216A2-BC98-423B-AE6C-133B4FADE86A}.Debug|Any CPU.Build.0 = Debug|Any CPU
		{BB0216A2-BC98-423B-AE6C-133B4FADE86A}.Release|Any CPU.ActiveCfg = Release|Any CPU
		{BB0216A2-BC98-423B-AE6C-133B4FADE86A}.Release|Any CPU.Build.0 = Release|Any CPU
	EndGlobalSection
	GlobalSection(SolutionProperties) = preSolution
		HideSolutionNode = FALSE
	EndGlobalSection
	GlobalSection(ExtensibilityGlobals) = postSolution
		SolutionGuid = {D015F4D5-84EF-4113-AA4A-1DB387AA38FF}
	EndGlobalSection
EndGlobal
